
Microsoft Visual Studio Solution File, Format Version 12.00
# Visual Studio Version 16
VisualStudioVersion = 16.0.29509.3
MinimumVisualStudioVersion = 10.0.40219.1
Project("{2150E333-8FDC-42A3-9474-1A3956D46DE8}") = "Domain", "Domain", "{E1228C4C-549B-4462-94D0-D4133A83937E}"
EndProject
Project("{2150E333-8FDC-42A3-9474-1A3956D46DE8}") = "Data", "Data", "{2CD43F55-6D87-428A-81B4-E700578DDD2E}"
EndProject
Project("{2150E333-8FDC-42A3-9474-1A3956D46DE8}") = "Api", "Api", "{8D64D944-F898-4A13-B0FD-71603DDC3508}"
EndProject
Project("{9A19103F-16F7-4668-BE54-9A1E7A4F7556}") = "StudioReservation.Domain", "StudioReservation.Domain\StudioReservation.Domain.csproj", "{3E777D50-EFCF-4B48-B817-730B451FC22C}"
EndProject
Project("{FAE04EC0-301F-11D3-BF4B-00C04F79EFBC}") = "StudioReservation.Api", "StudioReservation.Api\StudioReservation.Api.csproj", "{B696EED3-EFCF-4B36-BF79-304A61AF8BD4}"
EndProject
Global
	GlobalSection(SolutionConfigurationPlatforms) = preSolution
		Debug|Any CPU = Debug|Any CPU
		Release|Any CPU = Release|Any CPU
	EndGlobalSection
	GlobalSection(ProjectConfigurationPlatforms) = postSolution
		{3E777D50-EFCF-4B48-B817-730B451FC22C}.Debug|Any CPU.ActiveCfg = Debug|Any CPU
		{3E777D50-EFCF-4B48-B817-730B451FC22C}.Debug|Any CPU.Build.0 = Debug|Any CPU
		{3E777D50-EFCF-4B48-B817-730B451FC22C}.Release|Any CPU.ActiveCfg = Release|Any CPU
		{3E777D50-EFCF-4B48-B817-730B451FC22C}.Release|Any CPU.Build.0 = Release|Any CPU
		{B696EED3-EFCF-4B36-BF79-304A61AF8BD4}.Debug|Any CPU.ActiveCfg = Debug|Any CPU
		{B696EED3-EFCF-4B36-BF79-304A61AF8BD4}.Debug|Any CPU.Build.0 = Debug|Any CPU
		{B696EED3-EFCF-4B36-BF79-304A61AF8BD4}.Release|Any CPU.ActiveCfg = Release|Any CPU
		{B696EED3-EFCF-4B36-BF79-304A61AF8BD4}.Release|Any CPU.Build.0 = Release|Any CPU
	EndGlobalSection
	GlobalSection(SolutionProperties) = preSolution
		HideSolutionNode = FALSE
	EndGlobalSection
	GlobalSection(NestedProjects) = preSolution
		{3E777D50-EFCF-4B48-B817-730B451FC22C} = {E1228C4C-549B-4462-94D0-D4133A83937E}
		{B696EED3-EFCF-4B36-BF79-304A61AF8BD4} = {8D64D944-F898-4A13-B0FD-71603DDC3508}
	EndGlobalSection
	GlobalSection(ExtensibilityGlobals) = postSolution
		SolutionGuid = {FCE2A439-0A60-4D5A-8CF5-72CDDDEFE35D}
	EndGlobalSection
EndGlobal
